
Microsoft Visual Studio Solution File, Format Version 12.00
# Visual Studio Version 17
VisualStudioVersion = 17.5.33424.131
MinimumVisualStudioVersion = 10.0.40219.1
Project("{FAE04EC0-301F-11D3-BF4B-00C04F79EFBC}") = "Project", "Project.csproj", "{DBACB0BA-CFF1-47A6-BC3F-54B85A9AC416}"
EndProject
Global
	GlobalSection(SolutionConfigurationPlatforms) = preSolution
		Debug|Any CPU = Debug|Any CPU
		Release|Any CPU = Release|Any CPU
	EndGlobalSection
	GlobalSection(ProjectConfigurationPlatforms) = postSolution
		{DBACB0BA-CFF1-47A6-BC3F-54B85A9AC416}.Debug|Any CPU.ActiveCfg = Debug|Any CPU
		{DBACB0BA-CFF1-47A6-BC3F-54B85A9AC416}.Debug|Any CPU.Build.0 = Debug|Any CPU
		{DBACB0BA-CFF1-47A6-BC3F-54B85A9AC416}.Release|Any CPU.ActiveCfg = Release|Any CPU
		{DBACB0BA-CFF1-47A6-BC3F-54B85A9AC416}.Release|Any CPU.Build.0 = Release|Any CPU
	EndGlobalSection
	GlobalSection(SolutionProperties) = preSolution
		HideSolutionNode = FALSE
	EndGlobalSection
	GlobalSection(ExtensibilityGlobals) = postSolution
		SolutionGuid = {9A1FFA0B-0797-4B2C-8284-29ED80FA7993}
	EndGlobalSection
EndGlobal
